<?xml version="1.0" encoding="utf-8"?>
<Project ToolsVersion="4.0" xmlns="http://schemas.microsoft.com/developer/msbuild/2003">
  <ItemGroup>
    <Filter Include="Source Files">
      <UniqueIdentifier>{7f09dc6b-dc05-456c-b21d-f7990cba15da}</UniqueIdentifier>
      <Extensions>cpp;c;cxx;rc;def;r;odl;idl;hpj;bat</Extensions>
    </Filter>
    <Filter Include="Header Files">
      <UniqueIdentifier>{d3510a92-e7a8-4e4f-89d5-90321b38d5de}</UniqueIdentifier>
      <Extensions>h;hpp;hxx;hm;inl</Extensions>
    </Filter>
    <Filter Include="Resource Files">
      <UniqueIdentifier>{95544d1c-55f5-44d4-ae2b-0f3539029ecd}</UniqueIdentifier>
      <Extensions>ico;cur;bmp;dlg;rc2;rct;bin;rgs;gif;jpg;jpeg;jpe</Extensions>
    </Filter>
  </ItemGroup>
  <ItemGroup>
    <ClCompile Include="Copy.cpp">
      <Filter>Source Files</Filter>
    </ClCompile>
    <ClCompile Include="csriapi.cpp">
      <Filter>Source Files</Filter>
    </ClCompile>
    <ClCompile Include="DirectVobSub.cpp">
      <Filter>Source Files</Filter>
    </ClCompile>
    <ClCompile Include="DirectVobSubFilter.cpp">
      <Filter>Source Files</Filter>
    </ClCompile>
    <ClCompile Include="DirectVobSubPropPage.cpp">
      <Filter>Source Files</Filter>
    </ClCompile>
    <ClCompile Include="plugins.cpp">
      <Filter>Source Files</Filter>
    </ClCompile>
    <ClCompile Include="StdAfx.cpp">
      <Filter>Source Files</Filter>
    </ClCompile>
    <ClCompile Include="StyleEditorDialog.cpp">
      <Filter>Source Files</Filter>
    </ClCompile>
    <ClCompile Include="systray.cpp">
      <Filter>Source Files</Filter>
    </ClCompile>
    <ClCompile Include="TextInputPin.cpp">
      <Filter>Source Files</Filter>
    </ClCompile>
    <ClCompile Include="vfr.cpp">
      <Filter>Source Files</Filter>
    </ClCompile>
    <ClCompile Include="VSFilter.cpp">
      <Filter>Source Files</Filter>
    </ClCompile>
  </ItemGroup>
  <ItemGroup>
    <ClInclude Include="csri.h">
      <Filter>Header Files</Filter>
    </ClInclude>
    <ClInclude Include="DirectVobSub.h">
      <Filter>Header Files</Filter>
    </ClInclude>
    <ClInclude Include="DirectVobSubFilter.h">
      <Filter>Header Files</Filter>
    </ClInclude>
    <ClInclude Include="DirectVobSubPropPage.h">
      <Filter>Header Files</Filter>
    </ClInclude>
    <ClInclude Include="IDirectVobSub.h">
      <Filter>Header Files</Filter>
    </ClInclude>
    <ClInclude Include="StyleEditorDialog.h">
      <Filter>Header Files</Filter>
    </ClInclude>
    <ClInclude Include="systray.h">
      <Filter>Header Files</Filter>
    </ClInclude>
    <ClInclude Include="TextInputPin.h">
      <Filter>Header Files</Filter>
    </ClInclude>
    <ClInclude Include="vfr.h">
      <Filter>Header Files</Filter>
    </ClInclude>
    <ClInclude Include="VSFilter.h">
      <Filter>Header Files</Filter>
    </ClInclude>
    <ClInclude Include="resource.h">
      <Filter>Resource Files</Filter>
    </ClInclude>
    <ClInclude Include="StdAfx.h">
      <Filter>Header Files</Filter>
    </ClInclude>
  </ItemGroup>
  <ItemGroup>
    <None Include="res\Icon_147.ico">
      <Filter>Resource Files</Filter>
    </None>
    <None Include="VSFilter64.def">
      <Filter>Source Files</Filter>
    </None>
    <None Include="VSFilterMod64.def">
      <Filter>Source Files</Filter>
    </None>
  </ItemGroup>
  <ItemGroup>
    <ResourceCompile Include="VSFilter.rc">
      <Filter>Resource Files</Filter>
    </ResourceCompile>
    <ResourceCompile Include="VSFilterMod.rc">
      <Filter>Resource Files</Filter>
    </ResourceCompile>
  </ItemGroup>
  <ItemGroup>
    <CustomBuildStep Include="VSFilter.def">
      <Filter>Source Files</Filter>
    </CustomBuildStep>
    <CustomBuildStep Include="VSFilterMod.def">
      <Filter>Source Files</Filter>
    </CustomBuildStep>
  </ItemGroup>
</Project>