<?xml version="1.0" encoding="utf-8"?>
<Project ToolsVersion="4.0" xmlns="http://schemas.microsoft.com/developer/msbuild/2003">
  <ItemGroup>
    <Filter Include="Source Files">
      <UniqueIdentifier>{d440de28-26c6-4b36-b115-c53e50915ed2}</UniqueIdentifier>
      <Extensions>cpp;c;cxx;rc;def;r;odl;hpj;bat;for;f90</Extensions>
    </Filter>
    <Filter Include="Header Files">
      <UniqueIdentifier>{290c62e2-9a87-41c2-842d-82cf066ae4e2}</UniqueIdentifier>
      <Extensions>h;hpp;hxx;hm;inl;fi;fd</Extensions>
    </Filter>
    <Filter Include="Resource Files">
      <UniqueIdentifier>{a89a87b0-6ffa-4994-a22a-332c22a033cd}</UniqueIdentifier>
      <Extensions>ico;cur;bmp;dlg;rc2;rct;bin;cnt;rtf;gif;jpg;jpeg;jpe</Extensions>
    </Filter>
  </ItemGroup>
  <ItemGroup>
    <ClCompile Include="Adler32.c">
      <Filter>Source Files</Filter>
    </ClCompile>
    <ClCompile Include="Compress.c">
      <Filter>Source Files</Filter>
    </ClCompile>
    <ClCompile Include="Crc32.c">
      <Filter>Source Files</Filter>
    </ClCompile>
    <ClCompile Include="Deflate.c">
      <Filter>Source Files</Filter>
    </ClCompile>
    <ClCompile Include="gzclose.c">
      <Filter>Source Files</Filter>
    </ClCompile>
    <ClCompile Include="gzlib.c">
      <Filter>Source Files</Filter>
    </ClCompile>
    <ClCompile Include="gzread.c">
      <Filter>Source Files</Filter>
    </ClCompile>
    <ClCompile Include="gzwrite.c">
      <Filter>Source Files</Filter>
    </ClCompile>
    <ClCompile Include="infback.c">
      <Filter>Source Files</Filter>
    </ClCompile>
    <ClCompile Include="Inffast.c">
      <Filter>Source Files</Filter>
    </ClCompile>
    <ClCompile Include="Inflate.c">
      <Filter>Source Files</Filter>
    </ClCompile>
    <ClCompile Include="Inftrees.c">
      <Filter>Source Files</Filter>
    </ClCompile>
    <ClCompile Include="Trees.c">
      <Filter>Source Files</Filter>
    </ClCompile>
    <ClCompile Include="Uncompr.c">
      <Filter>Source Files</Filter>
    </ClCompile>
    <ClCompile Include="Zutil.c">
      <Filter>Source Files</Filter>
    </ClCompile>
  </ItemGroup>
  <ItemGroup>
    <ClInclude Include="crc32.h">
      <Filter>Header Files</Filter>
    </ClInclude>
    <ClInclude Include="deflate.h">
      <Filter>Header Files</Filter>
    </ClInclude>
    <ClInclude Include="gzguts.h">
      <Filter>Header Files</Filter>
    </ClInclude>
    <ClInclude Include="inffast.h">
      <Filter>Header Files</Filter>
    </ClInclude>
    <ClInclude Include="inffixed.h">
      <Filter>Header Files</Filter>
    </ClInclude>
    <ClInclude Include="inflate.h">
      <Filter>Header Files</Filter>
    </ClInclude>
    <ClInclude Include="inftrees.h">
      <Filter>Header Files</Filter>
    </ClInclude>
    <ClInclude Include="trees.h">
      <Filter>Header Files</Filter>
    </ClInclude>
    <ClInclude Include="zconf.h">
      <Filter>Header Files</Filter>
    </ClInclude>
    <ClInclude Include="zlib.h">
      <Filter>Header Files</Filter>
    </ClInclude>
    <ClInclude Include="zutil.h">
      <Filter>Header Files</Filter>
    </ClInclude>
  </ItemGroup>
  <ItemGroup>
    <ResourceCompile Include="ZLIB.RC">
      <Filter>Resource Files</Filter>
    </ResourceCompile>
  </ItemGroup>
</Project>